
Microsoft Visual Studio Solution File, Format Version 12.00
Project("{FAE04EC0-301F-11D3-BF4B-00C04F79EFBC}") = "Hotel42", "Hotel42.csproj", "{4A88A4B3-300E-40FE-A5B0-DD7796B26854}"
EndProject
Global
	GlobalSection(SolutionConfigurationPlatforms) = preSolution
		Debug|Any CPU = Debug|Any CPU
		Release|Any CPU = Release|Any CPU
	EndGlobalSection
	GlobalSection(ProjectConfigurationPlatforms) = postSolution
		{4A88A4B3-300E-40FE-A5B0-DD7796B26854}.Debug|Any CPU.ActiveCfg = Debug|Any CPU
		{4A88A4B3-300E-40FE-A5B0-DD7796B26854}.Debug|Any CPU.Build.0 = Debug|Any CPU
		{4A88A4B3-300E-40FE-A5B0-DD7796B26854}.Release|Any CPU.ActiveCfg = Release|Any CPU
		{4A88A4B3-300E-40FE-A5B0-DD7796B26854}.Release|Any CPU.Build.0 = Release|Any CPU
	EndGlobalSection
EndGlobal
